
Microsoft Visual Studio Solution File, Format Version 12.00
# Visual Studio Version 17
VisualStudioVersion = 17.5.33502.453
MinimumVisualStudioVersion = 10.0.40219.1
Project("{FAE04EC0-301F-11D3-BF4B-00C04F79EFBC}") = "IntroAsp", "IntroAsp.csproj", "{50C2E8E5-19DB-4244-9EEA-309AF9ADBFD1}"
EndProject
Global
	GlobalSection(SolutionConfigurationPlatforms) = preSolution
		Debug|Any CPU = Debug|Any CPU
		Release|Any CPU = Release|Any CPU
	EndGlobalSection
	GlobalSection(ProjectConfigurationPlatforms) = postSolution
		{50C2E8E5-19DB-4244-9EEA-309AF9ADBFD1}.Debug|Any CPU.ActiveCfg = Debug|Any CPU
		{50C2E8E5-19DB-4244-9EEA-309AF9ADBFD1}.Debug|Any CPU.Build.0 = Debug|Any CPU
		{50C2E8E5-19DB-4244-9EEA-309AF9ADBFD1}.Release|Any CPU.ActiveCfg = Release|Any CPU
		{50C2E8E5-19DB-4244-9EEA-309AF9ADBFD1}.Release|Any CPU.Build.0 = Release|Any CPU
	EndGlobalSection
	GlobalSection(SolutionProperties) = preSolution
		HideSolutionNode = FALSE
	EndGlobalSection
	GlobalSection(ExtensibilityGlobals) = postSolution
		SolutionGuid = {306952C5-F217-4B8C-B197-3A411EF69C0C}
	EndGlobalSection
EndGlobal
